
Microsoft Visual Studio Solution File, Format Version 12.00
# Visual Studio Version 17
VisualStudioVersion = 17.2.32630.192
MinimumVisualStudioVersion = 10.0.40219.1
Project("{9A19103F-16F7-4668-BE54-9A1E7A4F7556}") = "pz_5", "Programm\pz_5.csproj", "{B315768D-7972-4C8B-BA5E-6516BCD6CD0D}"
EndProject
Project("{9A19103F-16F7-4668-BE54-9A1E7A4F7556}") = "pz_6", "pz_6\pz_6.csproj", "{C056626E-BE9B-48EA-8C1A-A956B25B1CA7}"
EndProject
Project("{9A19103F-16F7-4668-BE54-9A1E7A4F7556}") = "pz_7", "pz_7\pz_7.csproj", "{1D75B03A-32A3-4A0B-8C95-7F5373AA4E51}"
EndProject
Project("{9A19103F-16F7-4668-BE54-9A1E7A4F7556}") = "pz_8", "pz_8\pz_8.csproj", "{1668F6A2-C203-40F6-8CD0-3660400DCD7B}"
EndProject
Project("{9A19103F-16F7-4668-BE54-9A1E7A4F7556}") = "pz_9", "pz_9\pz_9.csproj", "{0803A154-35E3-45A9-B34B-858062AD8E05}"
EndProject
Project("{9A19103F-16F7-4668-BE54-9A1E7A4F7556}") = "pz_10", "pz_10\pz_10.csproj", "{8F9AA10A-A502-4BBF-960B-3376A7BBF448}"
EndProject
Project("{9A19103F-16F7-4668-BE54-9A1E7A4F7556}") = "pz_11", "pz_11\pz_11.csproj", "{D42DE218-FC88-4C22-B31D-76323478C4C4}"
EndProject
Project("{9A19103F-16F7-4668-BE54-9A1E7A4F7556}") = "pz_12", "pz_12\pz_12.csproj", "{4BB572E6-A14A-44AF-823F-8E4F30EFF44A}"
EndProject
Project("{9A19103F-16F7-4668-BE54-9A1E7A4F7556}") = "pz_13", "pz_13\pz_13.csproj", "{D50A53BF-CA7B-4B59-9D44-8F7EBAB9763B}"
EndProject
Project("{9A19103F-16F7-4668-BE54-9A1E7A4F7556}") = "pz_14", "pz_14\pz_14.csproj", "{A791555F-2186-4BFD-BD47-FD2C8BDB902F}"
EndProject
Project("{9A19103F-16F7-4668-BE54-9A1E7A4F7556}") = "pz_15", "pz_15\pz_15.csproj", "{07270E06-726B-4E21-A328-3A4EF66127A6}"
EndProject
Project("{9A19103F-16F7-4668-BE54-9A1E7A4F7556}") = "pz_16", "pz_16\pz_16.csproj", "{C766D5B5-DEC1-4D6D-BE75-223AF0E80338}"
EndProject
Project("{9A19103F-16F7-4668-BE54-9A1E7A4F7556}") = "pz_17", "pz_17\pz_17.csproj", "{08B08464-4512-474D-9F38-E0DCF39A4F73}"
EndProject
Project("{9A19103F-16F7-4668-BE54-9A1E7A4F7556}") = "pz_18", "pz_18\pz_18.csproj", "{295A43B9-2D82-44ED-850E-A458626E3419}"
EndProject
Project("{9A19103F-16F7-4668-BE54-9A1E7A4F7556}") = "pz_19", "pz_19\pz_19.csproj", "{B27FEE38-E828-42A1-96A2-E8B9CD67619B}"
EndProject
Project("{9A19103F-16F7-4668-BE54-9A1E7A4F7556}") = "pz_20", "pz_20\pz_20.csproj", "{C392F8CC-41F5-4C1F-AA5E-6BB3ED7E8B89}"
EndProject
Project("{9A19103F-16F7-4668-BE54-9A1E7A4F7556}") = "pz_21", "pz_21\pz_21.csproj", "{D367FF4E-E964-4B4F-A8EE-AE009F666CC3}"
EndProject
Project("{FAE04EC0-301F-11D3-BF4B-00C04F79EFBC}") = "pz_22", "pz_22\pz_22.csproj", "{33EB2CFB-6D24-40A9-AE78-01538A199318}"
EndProject
Project("{FAE04EC0-301F-11D3-BF4B-00C04F79EFBC}") = "pz_23", "pz_23\pz_23.csproj", "{511214AF-5DCD-4A76-87B5-CC3A8C16E118}"
EndProject
Global
	GlobalSection(SolutionConfigurationPlatforms) = preSolution
		Debug|Any CPU = Debug|Any CPU
		Release|Any CPU = Release|Any CPU
	EndGlobalSection
	GlobalSection(ProjectConfigurationPlatforms) = postSolution
		{B315768D-7972-4C8B-BA5E-6516BCD6CD0D}.Debug|Any CPU.ActiveCfg = Debug|Any CPU
		{B315768D-7972-4C8B-BA5E-6516BCD6CD0D}.Debug|Any CPU.Build.0 = Debug|Any CPU
		{B315768D-7972-4C8B-BA5E-6516BCD6CD0D}.Release|Any CPU.ActiveCfg = Release|Any CPU
		{B315768D-7972-4C8B-BA5E-6516BCD6CD0D}.Release|Any CPU.Build.0 = Release|Any CPU
		{C056626E-BE9B-48EA-8C1A-A956B25B1CA7}.Debug|Any CPU.ActiveCfg = Debug|Any CPU
		{C056626E-BE9B-48EA-8C1A-A956B25B1CA7}.Debug|Any CPU.Build.0 = Debug|Any CPU
		{C056626E-BE9B-48EA-8C1A-A956B25B1CA7}.Release|Any CPU.ActiveCfg = Release|Any CPU
		{C056626E-BE9B-48EA-8C1A-A956B25B1CA7}.Release|Any CPU.Build.0 = Release|Any CPU
		{1D75B03A-32A3-4A0B-8C95-7F5373AA4E51}.Debug|Any CPU.ActiveCfg = Debug|Any CPU
		{1D75B03A-32A3-4A0B-8C95-7F5373AA4E51}.Debug|Any CPU.Build.0 = Debug|Any CPU
		{1D75B03A-32A3-4A0B-8C95-7F5373AA4E51}.Release|Any CPU.ActiveCfg = Release|Any CPU
		{1D75B03A-32A3-4A0B-8C95-7F5373AA4E51}.Release|Any CPU.Build.0 = Release|Any CPU
		{1668F6A2-C203-40F6-8CD0-3660400DCD7B}.Debug|Any CPU.ActiveCfg = Debug|Any CPU
		{1668F6A2-C203-40F6-8CD0-3660400DCD7B}.Debug|Any CPU.Build.0 = Debug|Any CPU
		{1668F6A2-C203-40F6-8CD0-3660400DCD7B}.Release|Any CPU.ActiveCfg = Release|Any CPU
		{1668F6A2-C203-40F6-8CD0-3660400DCD7B}.Release|Any CPU.Build.0 = Release|Any CPU
		{0803A154-35E3-45A9-B34B-858062AD8E05}.Debug|Any CPU.ActiveCfg = Debug|Any CPU
		{0803A154-35E3-45A9-B34B-858062AD8E05}.Debug|Any CPU.Build.0 = Debug|Any CPU
		{0803A154-35E3-45A9-B34B-858062AD8E05}.Release|Any CPU.ActiveCfg = Release|Any CPU
		{0803A154-35E3-45A9-B34B-858062AD8E05}.Release|Any CPU.Build.0 = Release|Any CPU
		{8F9AA10A-A502-4BBF-960B-3376A7BBF448}.Debug|Any CPU.ActiveCfg = Debug|Any CPU
		{8F9AA10A-A502-4BBF-960B-3376A7BBF448}.Debug|Any CPU.Build.0 = Debug|Any CPU
		{8F9AA10A-A502-4BBF-960B-3376A7BBF448}.Release|Any CPU.ActiveCfg = Release|Any CPU
		{8F9AA10A-A502-4BBF-960B-3376A7BBF448}.Release|Any CPU.Build.0 = Release|Any CPU
		{D42DE218-FC88-4C22-B31D-76323478C4C4}.Debug|Any CPU.ActiveCfg = Debug|Any CPU
		{D42DE218-FC88-4C22-B31D-76323478C4C4}.Debug|Any CPU.Build.0 = Debug|Any CPU
		{D42DE218-FC88-4C22-B31D-76323478C4C4}.Release|Any CPU.ActiveCfg = Release|Any CPU
		{D42DE218-FC88-4C22-B31D-76323478C4C4}.Release|Any CPU.Build.0 = Release|Any CPU
		{4BB572E6-A14A-44AF-823F-8E4F30EFF44A}.Debug|Any CPU.ActiveCfg = Debug|Any CPU
		{4BB572E6-A14A-44AF-823F-8E4F30EFF44A}.Debug|Any CPU.Build.0 = Debug|Any CPU
		{4BB572E6-A14A-44AF-823F-8E4F30EFF44A}.Release|Any CPU.ActiveCfg = Release|Any CPU
		{4BB572E6-A14A-44AF-823F-8E4F30EFF44A}.Release|Any CPU.Build.0 = Release|Any CPU
		{D50A53BF-CA7B-4B59-9D44-8F7EBAB9763B}.Debug|Any CPU.ActiveCfg = Debug|Any CPU
		{D50A53BF-CA7B-4B59-9D44-8F7EBAB9763B}.Debug|Any CPU.Build.0 = Debug|Any CPU
		{D50A53BF-CA7B-4B59-9D44-8F7EBAB9763B}.Release|Any CPU.ActiveCfg = Release|Any CPU
		{D50A53BF-CA7B-4B59-9D44-8F7EBAB9763B}.Release|Any CPU.Build.0 = Release|Any CPU
		{A791555F-2186-4BFD-BD47-FD2C8BDB902F}.Debug|Any CPU.ActiveCfg = Debug|Any CPU
		{A791555F-2186-4BFD-BD47-FD2C8BDB902F}.Debug|Any CPU.Build.0 = Debug|Any CPU
		{A791555F-2186-4BFD-BD47-FD2C8BDB902F}.Release|Any CPU.ActiveCfg = Release|Any CPU
		{A791555F-2186-4BFD-BD47-FD2C8BDB902F}.Release|Any CPU.Build.0 = Release|Any CPU
		{07270E06-726B-4E21-A328-3A4EF66127A6}.Debug|Any CPU.ActiveCfg = Debug|Any CPU
		{07270E06-726B-4E21-A328-3A4EF66127A6}.Debug|Any CPU.Build.0 = Debug|Any CPU
		{07270E06-726B-4E21-A328-3A4EF66127A6}.Release|Any CPU.ActiveCfg = Release|Any CPU
		{07270E06-726B-4E21-A328-3A4EF66127A6}.Release|Any CPU.Build.0 = Release|Any CPU
		{C766D5B5-DEC1-4D6D-BE75-223AF0E80338}.Debug|Any CPU.ActiveCfg = Debug|Any CPU
		{C766D5B5-DEC1-4D6D-BE75-223AF0E80338}.Debug|Any CPU.Build.0 = Debug|Any CPU
		{C766D5B5-DEC1-4D6D-BE75-223AF0E80338}.Release|Any CPU.ActiveCfg = Release|Any CPU
		{C766D5B5-DEC1-4D6D-BE75-223AF0E80338}.Release|Any CPU.Build.0 = Release|Any CPU
		{08B08464-4512-474D-9F38-E0DCF39A4F73}.Debug|Any CPU.ActiveCfg = Debug|Any CPU
		{08B08464-4512-474D-9F38-E0DCF39A4F73}.Debug|Any CPU.Build.0 = Debug|Any CPU
		{08B08464-4512-474D-9F38-E0DCF39A4F73}.Release|Any CPU.ActiveCfg = Release|Any CPU
		{08B08464-4512-474D-9F38-E0DCF39A4F73}.Release|Any CPU.Build.0 = Release|Any CPU
		{295A43B9-2D82-44ED-850E-A458626E3419}.Debug|Any CPU.ActiveCfg = Debug|Any CPU
		{295A43B9-2D82-44ED-850E-A458626E3419}.Debug|Any CPU.Build.0 = Debug|Any CPU
		{295A43B9-2D82-44ED-850E-A458626E3419}.Release|Any CPU.ActiveCfg = Release|Any CPU
		{295A43B9-2D82-44ED-850E-A458626E3419}.Release|Any CPU.Build.0 = Release|Any CPU
		{B27FEE38-E828-42A1-96A2-E8B9CD67619B}.Debug|Any CPU.ActiveCfg = Debug|Any CPU
		{B27FEE38-E828-42A1-96A2-E8B9CD67619B}.Debug|Any CPU.Build.0 = Debug|Any CPU
		{B27FEE38-E828-42A1-96A2-E8B9CD67619B}.Release|Any CPU.ActiveCfg = Release|Any CPU
		{B27FEE38-E828-42A1-96A2-E8B9CD67619B}.Release|Any CPU.Build.0 = Release|Any CPU
		{C392F8CC-41F5-4C1F-AA5E-6BB3ED7E8B89}.Debug|Any CPU.ActiveCfg = Debug|Any CPU
		{C392F8CC-41F5-4C1F-AA5E-6BB3ED7E8B89}.Debug|Any CPU.Build.0 = Debug|Any CPU
		{C392F8CC-41F5-4C1F-AA5E-6BB3ED7E8B89}.Release|Any CPU.ActiveCfg = Release|Any CPU
		{C392F8CC-41F5-4C1F-AA5E-6BB3ED7E8B89}.Release|Any CPU.Build.0 = Release|Any CPU
		{D367FF4E-E964-4B4F-A8EE-AE009F666CC3}.Debug|Any CPU.ActiveCfg = Debug|Any CPU
		{D367FF4E-E964-4B4F-A8EE-AE009F666CC3}.Debug|Any CPU.Build.0 = Debug|Any CPU
		{D367FF4E-E964-4B4F-A8EE-AE009F666CC3}.Release|Any CPU.ActiveCfg = Release|Any CPU
		{D367FF4E-E964-4B4F-A8EE-AE009F666CC3}.Release|Any CPU.Build.0 = Release|Any CPU
		{33EB2CFB-6D24-40A9-AE78-01538A199318}.Debug|Any CPU.ActiveCfg = Debug|Any CPU
		{33EB2CFB-6D24-40A9-AE78-01538A199318}.Debug|Any CPU.Build.0 = Debug|Any CPU
		{33EB2CFB-6D24-40A9-AE78-01538A199318}.Release|Any CPU.ActiveCfg = Release|Any CPU
		{33EB2CFB-6D24-40A9-AE78-01538A199318}.Release|Any CPU.Build.0 = Release|Any CPU
		{511214AF-5DCD-4A76-87B5-CC3A8C16E118}.Debug|Any CPU.ActiveCfg = Debug|Any CPU
		{511214AF-5DCD-4A76-87B5-CC3A8C16E118}.Debug|Any CPU.Build.0 = Debug|Any CPU
		{511214AF-5DCD-4A76-87B5-CC3A8C16E118}.Release|Any CPU.ActiveCfg = Release|Any CPU
		{511214AF-5DCD-4A76-87B5-CC3A8C16E118}.Release|Any CPU.Build.0 = Release|Any CPU
	EndGlobalSection
	GlobalSection(SolutionProperties) = preSolution
		HideSolutionNode = FALSE
	EndGlobalSection
	GlobalSection(ExtensibilityGlobals) = postSolution
		SolutionGuid = {BA8CCF8E-07CF-4FE0-AFC8-ED980511C68F}
	EndGlobalSection
EndGlobal
